
Microsoft Visual Studio Solution File, Format Version 12.00
# Visual Studio Version 16
VisualStudioVersion = 16.0.29009.5
MinimumVisualStudioVersion = 10.0.40219.1
Project("{FAE04EC0-301F-11D3-BF4B-00C04F79EFBC}") = "SQLite_Test", "SQLite_Test\SQLite_Test.csproj", "{473602CD-D1AD-43FF-AF80-379C5D6004CC}"
EndProject
Global
	GlobalSection(SolutionConfigurationPlatforms) = preSolution
		Debug|Any CPU = Debug|Any CPU
		Release|Any CPU = Release|Any CPU
	EndGlobalSection
	GlobalSection(ProjectConfigurationPlatforms) = postSolution
		{473602CD-D1AD-43FF-AF80-379C5D6004CC}.Debug|Any CPU.ActiveCfg = Debug|Any CPU
		{473602CD-D1AD-43FF-AF80-379C5D6004CC}.Debug|Any CPU.Build.0 = Debug|Any CPU
		{473602CD-D1AD-43FF-AF80-379C5D6004CC}.Release|Any CPU.ActiveCfg = Release|Any CPU
		{473602CD-D1AD-43FF-AF80-379C5D6004CC}.Release|Any CPU.Build.0 = Release|Any CPU
	EndGlobalSection
	GlobalSection(SolutionProperties) = preSolution
		HideSolutionNode = FALSE
	EndGlobalSection
	GlobalSection(ExtensibilityGlobals) = postSolution
		SolutionGuid = {C7482B28-1EA7-411C-927B-ACD6B17E1255}
	EndGlobalSection
EndGlobal
